
Microsoft Visual Studio Solution File, Format Version 12.00
# Visual Studio Version 17
VisualStudioVersion = 17.0.31903.59
MinimumVisualStudioVersion = 10.0.40219.1
Project("{FAE04EC0-301F-11D3-BF4B-00C04F79EFBC}") = "ManagingTransactions.API", "ManagingTransactions.API\ManagingTransactions.API.csproj", "{5BB28759-1861-4492-81E4-76A26A16B9FB}"
EndProject
Project("{FAE04EC0-301F-11D3-BF4B-00C04F79EFBC}") = "ManagingTransactions.Domain", "ManagingTransactions.Domain\ManagingTransactions.Domain.csproj", "{BC4BE740-0A37-4B22-82D2-1B5F263C6C5B}"
EndProject
Project("{FAE04EC0-301F-11D3-BF4B-00C04F79EFBC}") = "ManagingTransactions.Contracts", "ManagingTransactions.Contracts\ManagingTransactions.Contracts.csproj", "{0F98A592-CC0D-49DD-A367-DBCBB19300E6}"
EndProject
Global
	GlobalSection(SolutionConfigurationPlatforms) = preSolution
		Debug|Any CPU = Debug|Any CPU
		Release|Any CPU = Release|Any CPU
	EndGlobalSection
	GlobalSection(SolutionProperties) = preSolution
		HideSolutionNode = FALSE
	EndGlobalSection
	GlobalSection(ProjectConfigurationPlatforms) = postSolution
		{5BB28759-1861-4492-81E4-76A26A16B9FB}.Debug|Any CPU.ActiveCfg = Debug|Any CPU
		{5BB28759-1861-4492-81E4-76A26A16B9FB}.Debug|Any CPU.Build.0 = Debug|Any CPU
		{5BB28759-1861-4492-81E4-76A26A16B9FB}.Release|Any CPU.ActiveCfg = Release|Any CPU
		{5BB28759-1861-4492-81E4-76A26A16B9FB}.Release|Any CPU.Build.0 = Release|Any CPU
		{BC4BE740-0A37-4B22-82D2-1B5F263C6C5B}.Debug|Any CPU.ActiveCfg = Debug|Any CPU
		{BC4BE740-0A37-4B22-82D2-1B5F263C6C5B}.Debug|Any CPU.Build.0 = Debug|Any CPU
		{BC4BE740-0A37-4B22-82D2-1B5F263C6C5B}.Release|Any CPU.ActiveCfg = Release|Any CPU
		{BC4BE740-0A37-4B22-82D2-1B5F263C6C5B}.Release|Any CPU.Build.0 = Release|Any CPU
		{0F98A592-CC0D-49DD-A367-DBCBB19300E6}.Debug|Any CPU.ActiveCfg = Debug|Any CPU
		{0F98A592-CC0D-49DD-A367-DBCBB19300E6}.Debug|Any CPU.Build.0 = Debug|Any CPU
		{0F98A592-CC0D-49DD-A367-DBCBB19300E6}.Release|Any CPU.ActiveCfg = Release|Any CPU
		{0F98A592-CC0D-49DD-A367-DBCBB19300E6}.Release|Any CPU.Build.0 = Release|Any CPU
	EndGlobalSection
EndGlobal
